{
  "requires": true,
  "lockfileVersion": 1,
  "dependencies": {
    "immediate": {
      "version": "3.0.6",
      "resolved": "https://registry.npmjs.org/immediate/-/immediate-3.0.6.tgz",
      "integrity": "sha1-nbHb0Pr43m++D13V5Wu2BigN5ps="
    },
    "leaflet": {
      "version": "0.7.7",
      "resolved": "https://registry.npmjs.org/leaflet/-/leaflet-0.7.7.tgz",
      "integrity": "sha1-HjUrpU5j0HZFH6NjyQCJDLLPde4="
    },
    "leaflet-ajax": {
      "version": "2.1.0",
      "resolved": "https://registry.npmjs.org/leaflet-ajax/-/leaflet-ajax-2.1.0.tgz",
      "integrity": "sha1-JpND1ZvTjcnfpPOnM+eH/zL+I28=",
      "requires": {
        "lie": "^3.0.1"
      }
    },
    "leaflet-groupedlayercontrol": {
      "version": "0.6.1",
      "resolved": "https://registry.npmjs.org/leaflet-groupedlayercontrol/-/leaflet-groupedlayercontrol-0.6.1.tgz",
      "integrity": "sha1-y3CXx5jGtN7mROirhMDnC2o+HKo=",
      "requires": {
        "leaflet": "^1.0.1"
      },
      "dependencies": {
        "leaflet": {
          "version": "1.5.1",
          "resolved": "https://registry.npmjs.org/leaflet/-/leaflet-1.5.1.tgz",
          "integrity": "sha512-ekM9KAeG99tYisNBg0IzEywAlp0hYI5XRipsqRXyRTeuU8jcuntilpp+eFf5gaE0xubc9RuSNIVtByEKwqFV0w=="
        }
      }
    },
    "leaflet.pattern": {
      "version": "0.1.0",
      "resolved": "https://registry.npmjs.org/leaflet.pattern/-/leaflet.pattern-0.1.0.tgz",
      "integrity": "sha512-E4sxvvK0XHi1EhE1yUTG1bzafXZoXUPqWPjHz5fSpv/pOcT4CtS0qR1lhFSRtSUYios8OwlZmUGB9n91zQEgcw==",
      "requires": {
        "leaflet": "~0.7.1"
      }
    },
    "lie": {
      "version": "3.3.0",
      "resolved": "https://registry.npmjs.org/lie/-/lie-3.3.0.tgz",
      "integrity": "sha512-UaiMJzeWRlEujzAuw5LokY1L5ecNQYZKfmyZ9L7wDHb/p5etKaxXhohBcrw0EYby+G/NA52vRSN4N39dxHAIwQ==",
      "requires": {
        "immediate": "~3.0.5"
      }
    }
  }
}
